
Microsoft Visual Studio Solution File, Format Version 12.00
# Visual Studio Version 16
VisualStudioVersion = 16.0.32228.343
MinimumVisualStudioVersion = 10.0.40219.1
Project("{FAE04EC0-301F-11D3-BF4B-00C04F79EFBC}") = "garipov_glazki", "garipov_glazki.csproj", "{6E0726A9-6637-4C19-AD1C-D83B36C3C5F9}"
EndProject
Global
	GlobalSection(SolutionConfigurationPlatforms) = preSolution
		Debug|Any CPU = Debug|Any CPU
		Release|Any CPU = Release|Any CPU
	EndGlobalSection
	GlobalSection(ProjectConfigurationPlatforms) = postSolution
		{6E0726A9-6637-4C19-AD1C-D83B36C3C5F9}.Debug|Any CPU.ActiveCfg = Debug|Any CPU
		{6E0726A9-6637-4C19-AD1C-D83B36C3C5F9}.Debug|Any CPU.Build.0 = Debug|Any CPU
		{6E0726A9-6637-4C19-AD1C-D83B36C3C5F9}.Release|Any CPU.ActiveCfg = Release|Any CPU
		{6E0726A9-6637-4C19-AD1C-D83B36C3C5F9}.Release|Any CPU.Build.0 = Release|Any CPU
	EndGlobalSection
	GlobalSection(SolutionProperties) = preSolution
		HideSolutionNode = FALSE
	EndGlobalSection
	GlobalSection(ExtensibilityGlobals) = postSolution
		SolutionGuid = {E17957F3-CA03-4712-BD6A-29C55356D7ED}
	EndGlobalSection
EndGlobal
